
Microsoft Visual Studio Solution File, Format Version 12.00
# Visual Studio Version 16
VisualStudioVersion = 16.0.30907.101
MinimumVisualStudioVersion = 10.0.40219.1
Project("{9A19103F-16F7-4668-BE54-9A1E7A4F7556}") = "Exadel.CrazyPrice.WebApi", "Exadel.CrazyPrice.WebApi\Exadel.CrazyPrice.WebApi.csproj", "{C1AD4716-666E-4B06-900A-8233C854D294}"
EndProject
Project("{9A19103F-16F7-4668-BE54-9A1E7A4F7556}") = "Exadel.CrazyPrice.Common", "Exadel.CrazyPrice.Common\Exadel.CrazyPrice.Common.csproj", "{4AD0F462-841B-4838-86FD-FF65EAFCE357}"
EndProject
Project("{9A19103F-16F7-4668-BE54-9A1E7A4F7556}") = "Exadel.CrazyPrice.Tests", "Exadel.CrazyPrice.Tests\Exadel.CrazyPrice.Tests.csproj", "{98DD4D9C-57BC-48D8-B8AA-124BF4C47D62}"
EndProject
Project("{9A19103F-16F7-4668-BE54-9A1E7A4F7556}") = "Exadel.CrazyPrice.Data", "Exadel.CrazyPrice.Data\Exadel.CrazyPrice.Data.csproj", "{2AFCFADF-22FF-495E-B216-1C49E85C9A25}"
EndProject
Project("{9A19103F-16F7-4668-BE54-9A1E7A4F7556}") = "Exadel.CrazyPrice.IdentityServer", "Exadel.CrazyPrice.IdentityServer\Exadel.CrazyPrice.IdentityServer.csproj", "{611BA737-44AE-421F-ADE6-1893ECA7F651}"
EndProject
Project("{FAE04EC0-301F-11D3-BF4B-00C04F79EFBC}") = "Exadel.CrazyPrice.TestClient", "Exadel.CrazyPrice.TestClient\Exadel.CrazyPrice.TestClient.csproj", "{6913AF75-8F45-4DB3-86BA-13DDE0DFF488}"
EndProject
Global
	GlobalSection(SolutionConfigurationPlatforms) = preSolution
		Debug|Any CPU = Debug|Any CPU
		Release|Any CPU = Release|Any CPU
	EndGlobalSection
	GlobalSection(ProjectConfigurationPlatforms) = postSolution
		{C1AD4716-666E-4B06-900A-8233C854D294}.Debug|Any CPU.ActiveCfg = Debug|Any CPU
		{C1AD4716-666E-4B06-900A-8233C854D294}.Debug|Any CPU.Build.0 = Debug|Any CPU
		{C1AD4716-666E-4B06-900A-8233C854D294}.Release|Any CPU.ActiveCfg = Release|Any CPU
		{C1AD4716-666E-4B06-900A-8233C854D294}.Release|Any CPU.Build.0 = Release|Any CPU
		{4AD0F462-841B-4838-86FD-FF65EAFCE357}.Debug|Any CPU.ActiveCfg = Debug|Any CPU
		{4AD0F462-841B-4838-86FD-FF65EAFCE357}.Debug|Any CPU.Build.0 = Debug|Any CPU
		{4AD0F462-841B-4838-86FD-FF65EAFCE357}.Release|Any CPU.ActiveCfg = Release|Any CPU
		{4AD0F462-841B-4838-86FD-FF65EAFCE357}.Release|Any CPU.Build.0 = Release|Any CPU
		{98DD4D9C-57BC-48D8-B8AA-124BF4C47D62}.Debug|Any CPU.ActiveCfg = Debug|Any CPU
		{98DD4D9C-57BC-48D8-B8AA-124BF4C47D62}.Debug|Any CPU.Build.0 = Debug|Any CPU
		{98DD4D9C-57BC-48D8-B8AA-124BF4C47D62}.Release|Any CPU.ActiveCfg = Release|Any CPU
		{98DD4D9C-57BC-48D8-B8AA-124BF4C47D62}.Release|Any CPU.Build.0 = Release|Any CPU
		{2AFCFADF-22FF-495E-B216-1C49E85C9A25}.Debug|Any CPU.ActiveCfg = Debug|Any CPU
		{2AFCFADF-22FF-495E-B216-1C49E85C9A25}.Debug|Any CPU.Build.0 = Debug|Any CPU
		{2AFCFADF-22FF-495E-B216-1C49E85C9A25}.Release|Any CPU.ActiveCfg = Release|Any CPU
		{2AFCFADF-22FF-495E-B216-1C49E85C9A25}.Release|Any CPU.Build.0 = Release|Any CPU
		{962BC501-80BA-4684-B130-1B7F82C5169E}.Debug|Any CPU.ActiveCfg = Debug|Any CPU
		{962BC501-80BA-4684-B130-1B7F82C5169E}.Debug|Any CPU.Build.0 = Debug|Any CPU
		{962BC501-80BA-4684-B130-1B7F82C5169E}.Release|Any CPU.ActiveCfg = Release|Any CPU
		{962BC501-80BA-4684-B130-1B7F82C5169E}.Release|Any CPU.Build.0 = Release|Any CPU
		{6913AF75-8F45-4DB3-86BA-13DDE0DFF488}.Debug|Any CPU.ActiveCfg = Debug|Any CPU
		{6913AF75-8F45-4DB3-86BA-13DDE0DFF488}.Debug|Any CPU.Build.0 = Debug|Any CPU
		{6913AF75-8F45-4DB3-86BA-13DDE0DFF488}.Release|Any CPU.ActiveCfg = Release|Any CPU
		{6913AF75-8F45-4DB3-86BA-13DDE0DFF488}.Release|Any CPU.Build.0 = Release|Any CPU
	EndGlobalSection
	GlobalSection(SolutionProperties) = preSolution
		HideSolutionNode = FALSE
	EndGlobalSection
	GlobalSection(ExtensibilityGlobals) = postSolution
		SolutionGuid = {3094045A-D91C-4865-B6CA-1136457E8A22}
	EndGlobalSection
EndGlobal
