
Microsoft Visual Studio Solution File, Format Version 12.00
# Visual Studio Version 16
VisualStudioVersion = 16.0.30907.101
MinimumVisualStudioVersion = 10.0.40219.1
Project("{9A19103F-16F7-4668-BE54-9A1E7A4F7556}") = "Exadel.CrazyPrice.WebApi", "Exadel.CrazyPrice.WebApi\Exadel.CrazyPrice.WebApi.csproj", "{C1AD4716-666E-4B06-900A-8233C854D294}"
EndProject
Project("{9A19103F-16F7-4668-BE54-9A1E7A4F7556}") = "Exadel.CrazyPrice.Common", "Exadel.CrazyPrice.Common\Exadel.CrazyPrice.Common.csproj", "{4AD0F462-841B-4838-86FD-FF65EAFCE357}"
EndProject
Project("{9A19103F-16F7-4668-BE54-9A1E7A4F7556}") = "Exadel.CrazyPrice.Tests", "Exadel.CrazyPrice.Tests\Exadel.CrazyPrice.Tests.csproj", "{98DD4D9C-57BC-48D8-B8AA-124BF4C47D62}"
EndProject
Project("{9A19103F-16F7-4668-BE54-9A1E7A4F7556}") = "Exadel.CrazyPrice.Data", "Exadel.CrazyPrice.Data\Exadel.CrazyPrice.Data.csproj", "{2AFCFADF-22FF-495E-B216-1C49E85C9A25}"
EndProject
Project("{9A19103F-16F7-4668-BE54-9A1E7A4F7556}") = "Exadel.CrazyPrice.IdentityServer", "Exadel.CrazyPrice.IdentityServer\Exadel.CrazyPrice.IdentityServer.csproj", "{611BA737-44AE-421F-ADE6-1893ECA7F651}"
EndProject
Project("{9A19103F-16F7-4668-BE54-9A1E7A4F7556}") = "Exadel.CrazyPrice.Data.Seeder", "Exadel.CrazyPrice.Data.Seeder\Exadel.CrazyPrice.Data.Seeder.csproj", "{785992C3-3FE3-4D03-92BD-84674E28A01D}"
EndProject
Project("{9A19103F-16F7-4668-BE54-9A1E7A4F7556}") = "Exadel.CrazyPrice.TestClient", "Exadel.CrazyPrice.TestClient\Exadel.CrazyPrice.TestClient.csproj", "{6913AF75-8F45-4DB3-86BA-13DDE0DFF488}"
EndProject
Project("{9A19103F-16F7-4668-BE54-9A1E7A4F7556}") = "EventBus", "Exadel.CrazyPrice.Services\Bus\EventBus\EventBus.csproj", "{5613843C-693A-4FFF-BBB7-8CAF46F8F06E}"
EndProject
Project("{9A19103F-16F7-4668-BE54-9A1E7A4F7556}") = "EventBusRabbitMQ", "Exadel.CrazyPrice.Services\Bus\EventBusRabbitMQ\EventBusRabbitMQ.csproj", "{6B372E8B-6758-4065-B49E-A67986C9D08B}"
EndProject
Project("{9A19103F-16F7-4668-BE54-9A1E7A4F7556}") = "MailSenderMailKit", "Exadel.CrazyPrice.Services\Mail\MailSenderMailKit\MailSenderMailKit.csproj", "{ED190FE6-46DB-497D-ADAA-1C44A24130C5}"
EndProject
Project("{9A19103F-16F7-4668-BE54-9A1E7A4F7556}") = "IntegrationBus", "Exadel.CrazyPrice.Services\Bus\IntegrationBus\IntegrationBus.csproj", "{E2F0A29C-E069-403A-BAF4-FB89964049DE}"
EndProject
Project("{2150E333-8FDC-42A3-9474-1A3956D46DE8}") = "Services", "Services", "{27E2D815-5656-40F7-94BD-13F2EE8B9D17}"
EndProject
Project("{2150E333-8FDC-42A3-9474-1A3956D46DE8}") = "Bus", "Bus", "{5EDF5462-16F6-415E-87A0-A65F55E0BD7D}"
EndProject
Project("{2150E333-8FDC-42A3-9474-1A3956D46DE8}") = "Mail", "Mail", "{A44B76B6-8B5E-45FB-8DE1-39FBA3418BC0}"
EndProject
Project("{9A19103F-16F7-4668-BE54-9A1E7A4F7556}") = "MailClient", "Exadel.CrazyPrice.Services\Mail\MailClient\MailClient.csproj", "{3E1AD661-CF03-4537-94B9-E47702E6C8DD}"
EndProject
Project("{2150E333-8FDC-42A3-9474-1A3956D46DE8}") = "Common", "Common", "{60BCC393-26D0-4E01-9AD7-610E001AB8A4}"
EndProject
Project("{FAE04EC0-301F-11D3-BF4B-00C04F79EFBC}") = "IntegrationEvents", "Exadel.CrazyPrice.Services\Common\IntegrationEvents\IntegrationEvents.csproj", "{ECF80FD5-9C8E-486C-8650-D1E6948DDA01}"
EndProject
Global
	GlobalSection(SolutionConfigurationPlatforms) = preSolution
		Debug|Any CPU = Debug|Any CPU
		Release|Any CPU = Release|Any CPU
	EndGlobalSection
	GlobalSection(ProjectConfigurationPlatforms) = postSolution
		{C1AD4716-666E-4B06-900A-8233C854D294}.Debug|Any CPU.ActiveCfg = Debug|Any CPU
		{C1AD4716-666E-4B06-900A-8233C854D294}.Debug|Any CPU.Build.0 = Debug|Any CPU
		{C1AD4716-666E-4B06-900A-8233C854D294}.Release|Any CPU.ActiveCfg = Release|Any CPU
		{C1AD4716-666E-4B06-900A-8233C854D294}.Release|Any CPU.Build.0 = Release|Any CPU
		{4AD0F462-841B-4838-86FD-FF65EAFCE357}.Debug|Any CPU.ActiveCfg = Debug|Any CPU
		{4AD0F462-841B-4838-86FD-FF65EAFCE357}.Debug|Any CPU.Build.0 = Debug|Any CPU
		{4AD0F462-841B-4838-86FD-FF65EAFCE357}.Release|Any CPU.ActiveCfg = Release|Any CPU
		{4AD0F462-841B-4838-86FD-FF65EAFCE357}.Release|Any CPU.Build.0 = Release|Any CPU
		{98DD4D9C-57BC-48D8-B8AA-124BF4C47D62}.Debug|Any CPU.ActiveCfg = Debug|Any CPU
		{98DD4D9C-57BC-48D8-B8AA-124BF4C47D62}.Debug|Any CPU.Build.0 = Debug|Any CPU
		{98DD4D9C-57BC-48D8-B8AA-124BF4C47D62}.Release|Any CPU.ActiveCfg = Release|Any CPU
		{98DD4D9C-57BC-48D8-B8AA-124BF4C47D62}.Release|Any CPU.Build.0 = Release|Any CPU
		{2AFCFADF-22FF-495E-B216-1C49E85C9A25}.Debug|Any CPU.ActiveCfg = Debug|Any CPU
		{2AFCFADF-22FF-495E-B216-1C49E85C9A25}.Debug|Any CPU.Build.0 = Debug|Any CPU
		{2AFCFADF-22FF-495E-B216-1C49E85C9A25}.Release|Any CPU.ActiveCfg = Release|Any CPU
		{2AFCFADF-22FF-495E-B216-1C49E85C9A25}.Release|Any CPU.Build.0 = Release|Any CPU
		{611BA737-44AE-421F-ADE6-1893ECA7F651}.Debug|Any CPU.ActiveCfg = Debug|Any CPU
		{611BA737-44AE-421F-ADE6-1893ECA7F651}.Debug|Any CPU.Build.0 = Debug|Any CPU
		{611BA737-44AE-421F-ADE6-1893ECA7F651}.Release|Any CPU.ActiveCfg = Release|Any CPU
		{611BA737-44AE-421F-ADE6-1893ECA7F651}.Release|Any CPU.Build.0 = Release|Any CPU
		{785992C3-3FE3-4D03-92BD-84674E28A01D}.Debug|Any CPU.ActiveCfg = Debug|Any CPU
		{785992C3-3FE3-4D03-92BD-84674E28A01D}.Debug|Any CPU.Build.0 = Debug|Any CPU
		{785992C3-3FE3-4D03-92BD-84674E28A01D}.Release|Any CPU.ActiveCfg = Release|Any CPU
		{785992C3-3FE3-4D03-92BD-84674E28A01D}.Release|Any CPU.Build.0 = Release|Any CPU
		{6913AF75-8F45-4DB3-86BA-13DDE0DFF488}.Debug|Any CPU.ActiveCfg = Debug|Any CPU
		{6913AF75-8F45-4DB3-86BA-13DDE0DFF488}.Debug|Any CPU.Build.0 = Debug|Any CPU
		{6913AF75-8F45-4DB3-86BA-13DDE0DFF488}.Release|Any CPU.ActiveCfg = Release|Any CPU
		{6913AF75-8F45-4DB3-86BA-13DDE0DFF488}.Release|Any CPU.Build.0 = Release|Any CPU
		{5613843C-693A-4FFF-BBB7-8CAF46F8F06E}.Debug|Any CPU.ActiveCfg = Debug|Any CPU
		{5613843C-693A-4FFF-BBB7-8CAF46F8F06E}.Debug|Any CPU.Build.0 = Debug|Any CPU
		{5613843C-693A-4FFF-BBB7-8CAF46F8F06E}.Release|Any CPU.ActiveCfg = Release|Any CPU
		{5613843C-693A-4FFF-BBB7-8CAF46F8F06E}.Release|Any CPU.Build.0 = Release|Any CPU
		{6B372E8B-6758-4065-B49E-A67986C9D08B}.Debug|Any CPU.ActiveCfg = Debug|Any CPU
		{6B372E8B-6758-4065-B49E-A67986C9D08B}.Debug|Any CPU.Build.0 = Debug|Any CPU
		{6B372E8B-6758-4065-B49E-A67986C9D08B}.Release|Any CPU.ActiveCfg = Release|Any CPU
		{6B372E8B-6758-4065-B49E-A67986C9D08B}.Release|Any CPU.Build.0 = Release|Any CPU
		{ED190FE6-46DB-497D-ADAA-1C44A24130C5}.Debug|Any CPU.ActiveCfg = Debug|Any CPU
		{ED190FE6-46DB-497D-ADAA-1C44A24130C5}.Debug|Any CPU.Build.0 = Debug|Any CPU
		{ED190FE6-46DB-497D-ADAA-1C44A24130C5}.Release|Any CPU.ActiveCfg = Release|Any CPU
		{ED190FE6-46DB-497D-ADAA-1C44A24130C5}.Release|Any CPU.Build.0 = Release|Any CPU
		{E2F0A29C-E069-403A-BAF4-FB89964049DE}.Debug|Any CPU.ActiveCfg = Debug|Any CPU
		{E2F0A29C-E069-403A-BAF4-FB89964049DE}.Debug|Any CPU.Build.0 = Debug|Any CPU
		{E2F0A29C-E069-403A-BAF4-FB89964049DE}.Release|Any CPU.ActiveCfg = Release|Any CPU
		{E2F0A29C-E069-403A-BAF4-FB89964049DE}.Release|Any CPU.Build.0 = Release|Any CPU
		{3E1AD661-CF03-4537-94B9-E47702E6C8DD}.Debug|Any CPU.ActiveCfg = Debug|Any CPU
		{3E1AD661-CF03-4537-94B9-E47702E6C8DD}.Debug|Any CPU.Build.0 = Debug|Any CPU
		{3E1AD661-CF03-4537-94B9-E47702E6C8DD}.Release|Any CPU.ActiveCfg = Release|Any CPU
		{3E1AD661-CF03-4537-94B9-E47702E6C8DD}.Release|Any CPU.Build.0 = Release|Any CPU
		{ECF80FD5-9C8E-486C-8650-D1E6948DDA01}.Debug|Any CPU.ActiveCfg = Debug|Any CPU
		{ECF80FD5-9C8E-486C-8650-D1E6948DDA01}.Debug|Any CPU.Build.0 = Debug|Any CPU
		{ECF80FD5-9C8E-486C-8650-D1E6948DDA01}.Release|Any CPU.ActiveCfg = Release|Any CPU
		{ECF80FD5-9C8E-486C-8650-D1E6948DDA01}.Release|Any CPU.Build.0 = Release|Any CPU
	EndGlobalSection
	GlobalSection(SolutionProperties) = preSolution
		HideSolutionNode = FALSE
	EndGlobalSection
	GlobalSection(NestedProjects) = preSolution
		{5613843C-693A-4FFF-BBB7-8CAF46F8F06E} = {5EDF5462-16F6-415E-87A0-A65F55E0BD7D}
		{6B372E8B-6758-4065-B49E-A67986C9D08B} = {5EDF5462-16F6-415E-87A0-A65F55E0BD7D}
		{ED190FE6-46DB-497D-ADAA-1C44A24130C5} = {A44B76B6-8B5E-45FB-8DE1-39FBA3418BC0}
		{E2F0A29C-E069-403A-BAF4-FB89964049DE} = {5EDF5462-16F6-415E-87A0-A65F55E0BD7D}
		{5EDF5462-16F6-415E-87A0-A65F55E0BD7D} = {27E2D815-5656-40F7-94BD-13F2EE8B9D17}
		{A44B76B6-8B5E-45FB-8DE1-39FBA3418BC0} = {27E2D815-5656-40F7-94BD-13F2EE8B9D17}
		{3E1AD661-CF03-4537-94B9-E47702E6C8DD} = {A44B76B6-8B5E-45FB-8DE1-39FBA3418BC0}
		{60BCC393-26D0-4E01-9AD7-610E001AB8A4} = {27E2D815-5656-40F7-94BD-13F2EE8B9D17}
		{ECF80FD5-9C8E-486C-8650-D1E6948DDA01} = {60BCC393-26D0-4E01-9AD7-610E001AB8A4}
	EndGlobalSection
	GlobalSection(ExtensibilityGlobals) = postSolution
		SolutionGuid = {3094045A-D91C-4865-B6CA-1136457E8A22}
	EndGlobalSection
EndGlobal
